github.com/AlecAivazis/survey/v2 v2.0.7 h1:+f825XHLse/hWd2tE/V5df04WFGimk34Eyg/z35w/rc=
github.com/AlecAivazis/survey/v2 v2.0.7/go.mod h1:mlizQTaPjnR4jcpwRSaSlkbsRfYFEyKgLQvYTzxxiHA=
github.com/BurntSushi/toml v0.3.1 h1:WXkYYl6Yr3qBf1K79EBnL4mak0OimBfB0XUf9Vl28OQ=
github.com/BurntSushi/toml v0.3.1/go.mod h1:xHWCNGjB5oqiDr8zfno3MHue2Ht5sIBksp03qcyfWMU=
github.com/Netflix/go-expect v0.0.0-20180615182759-c93bf25de8e8 h1:xzYJEypr/85nBpB11F9br+3HUrpgb+fcm5iADzXXYEw=
github.com/Netflix/go-expect v0.0.0-20180615182759-c93bf25de8e8/go.mod h1:oX5x61PbNXchhh0oikYAH+4Pcfw5LKv21+Jnpr6r6Pc=
github.com/agl/ed25519 v0.0.0-20170116200512-5312a6153412 h1:w1UutsfOrms1J05zt7ISrnJIXKzwaspym5BTKGx93EI=
github.com/agl/ed25519 v0.0.0-20170116200512-5312a6153412/go.mod h1:WPjqKcmVOxf0XSf3YxCJs6N6AOSrOx3obionmG7T0y0=
github.com/alxdavids/voprf-poc/go v0.0.0-20200327170552-d7e2c578b2b5 h1:cDcG3eu0O/HcJG3u++sF8BlEIrPoGZZSTq4kIMDZGrk=
github.com/alxdavids/voprf-poc/go v0.0.0-20200327170552-d7e2c578b2b5/go.mod h1:ElQBhU61E5dyto6bJl6UIGwN1c4kvoVwoFr5LIKRm0o=
github.com/armfazh/h2c-go-ref v0.0.0-20200318224313-763912060962 h1:j5zM1qsdf7P+ahT2mvz7ZzqtvyO5DLy0PPxZTyD7d9w=
github.com/armfazh/h2c-go-ref v0.0.0-20200318224313-763912060962/go.mod h1:c+M7p/g/wcOuA3JL3iSovqQzuGPKey72kVfLIJkSsko=
github.com/armfazh/tozan-ecc v0.1.0 h1:CqVEdjUATWi09ZDTS5RfP1amGQbEjD7jieD5P39NsBQ=
github.com/armfazh/tozan-ecc v0.1.0/go.mod h1:u25eZC5Z8uJFQxJxGBz1Blfii/7m3DfmwX0vFnwtG9I=
github.com/awnumar/memcall v0.0.0-20191004114545-73db50fd9f80 h1:8kObYoBO4LNmQ+fLiScBfxEdxF1w2MHlvH/lr9MLaTg=
github.com/awnumar/memcall v0.0.0-20191004114545-73db50fd9f80/go.mod h1:S911igBPR9CThzd/hYQQmTc9SWNu3ZHIlCGaWsWsoJo=
github.com/awnumar/memguard v0.21.0 h1:BZvZ69RXlIQPChLJnpJ0u5cIJQmsWLGfNa6XX5/UZGU=
github.com/awnumar/memguard v0.21.0/go.mod h1:+ejY3DekvjnDWBXHwL5xB5p4Il77kDsrIz+UOUNrm2Q=
github.com/cloudflare/circl v1.0.0 h1:64b6pyfCFbYm623ncIkYGNZaOcmIbyd+CjyMi2L9vdI=
github.com/cloudflare/circl v1.0.0/go.mod h1:MhjB3NEEhJbTOdLLq964NIUisXDxaE1WkQPUxtgZXiY=
github.com/davecgh/go-spew v1.1.0/go.mod h1:J7Y8YcW2NihsgmVo/mv3lAwl/skON4iLHjSsI+c5H38=
github.com/davecgh/go-spew v1.1.1 h1:vj9j/u1bqnvCEfJOwUhtlOARqs3+rkHYY13jYWTU97c=
github.com/davecgh/go-spew v1.1.1/go.mod h1:J7Y8YcW2NihsgmVo/mv3lAwl/skON4iLHjSsI+c5H38=
github.com/golang/protobuf v1.3.1/go.mod h1:6lQm79b+lXiMfvg/cZm0SGofjICqVBUtrP5yJMmIC1U=
github.com/golang/protobuf v1.3.5 h1:F768QJ1E9tib+q5Sc8MkdJi1RxLTbRcTf8LJV56aRls=
github.com/golang/protobuf v1.3.5/go.mod h1:6O5/vntMXwX2lRkT1hjjk0nAC1IDOTvTlVgjlRvqsdk=
github.com/google/renameio v0.1.0 h1:GOZbcHa3HfsPKPlmyPyN2KEohoMXOhdMbHrvbpl2QaA=
github.com/google/renameio v0.1.0/go.mod h1:KWCgfxg9yswjAJkECMjeO8J8rahYeXnNhOm40UhjYkI=
github.com/google/uuid v1.1.1 h1:Gkbcsh/GbpXz7lPftLA3P6TYMwjCLYm83jiFQZF/3gY=
github.com/google/uuid v1.1.1/go.mod h1:TIyPZe4MgqvfeYDBFedMoGGpEw/LqOeaOT+nhxU+yHo=
github.com/hinshun/vt10x v0.0.0-20180616224451-1954e6464174 h1:WlZsjVhE8Af9IcZDGgJGQpNflI3+MJSBhsgT5PCtzBQ=
github.com/hinshun/vt10x v0.0.0-20180616224451-1954e6464174/go.mod h1:DqJ97dSdRW1W22yXSB90986pcOyQ7r45iio1KN2ez1A=
github.com/kballard/go-shellquote v0.0.0-20180428030007-95032a82bc51 h1:Z9n2FFNUXsshfwJMBgNA0RU6/i7WVaAegv3PtuIHPMs=
github.com/kballard/go-shellquote v0.0.0-20180428030007-95032a82bc51/go.mod h1:CzGEWj7cYgsdH8dAjBGEr58BoE7ScuLd+fwFZ44+/x8=
github.com/kisielk/gotool v1.0.0 h1:AV2c/EiW3KqPNT9ZKl07ehoAGi4C5/01Cfbblndcapg=
github.com/kisielk/gotool v1.0.0/go.mod h1:XhKaO+MFFWcvkIS/tQcRk01m1F5IRFswLeQ+oQHNcck=
github.com/kr/pretty v0.1.0 h1:L/CwN0zerZDmRFUapSPitk6f+Q3+0za1rQkzVuMiMFI=
github.com/kr/pretty v0.1.0/go.mod h1:dAy3ld7l9f0ibDNOQOHHMYYIIbhfbHSm3C4ZsoJORNo=
github.com/kr/pty v1.1.1 h1:VkoXIwSboBpnk99O/KFauAEILuNHv5DVFKZMBN/gUgw=
github.com/kr/pty v1.1.1/go.mod h1:pFQYn66WHrOpPYNljwOMqo10TkYh1fy3cYio2l3bCsQ=
github.com/kr/pty v1.1.4 h1:5Myjjh3JY/NaAi4IsUbHADytDyl1VE1Y9PXDlL+P/VQ=
github.com/kr/pty v1.1.4/go.mod h1:pFQYn66WHrOpPYNljwOMqo10TkYh1fy3cYio2l3bCsQ=
github.com/kr/text v0.1.0 h1:45sCR5RtlFHMR4UwH9sdQ5TC8v0qDQCHnXt+kaKSTVE=
github.com/kr/text v0.1.0/go.mod h1:4Jbv+DJW3UT/LiOwJeYQe1efqtUx/iVham/4vfdArNI=
github.com/mattn/go-colorable v0.1.2 h1:/bC9yWikZXAL9uJdulbSfyVNIR3n3trXl+v8+1sx8mU=
github.com/mattn/go-colorable v0.1.2/go.mod h1:U0ppj6V5qS13XJ6of8GYAs25YV2eR4EVcfRqFIhoBtE=
github.com/mattn/go-isatty v0.0.8 h1:HLtExJ+uU2HOZ+wI0Tt5DtUDrx8yhUqDcp7fYERX4CE=
github.com/mattn/go-isatty v0.0.8/go.mod h1:Iq45c/XA43vh69/j3iqttzPXn0bhXyGjM0Hdxcsrc5s=
github.com/mgutz/ansi v0.0.0-20170206155736-9520e82c474b h1:j7+1HpAFS1zy5+Q4qx1fWh90gTKwiN4QCGoY9TWyyO4=
github.com/mgutz/ansi v0.0.0-20170206155736-9520e82c474b/go.mod h1:01TrycV0kFyexm33Z7vhZRXopbI8J3TDReVlkTgMUxE=
github.com/otrv4/ed448 v0.0.0-20200313043504-efc4accd8117 h1:0GyJjklJjP7t55vIjplyljtk1F+pQSAXhBNEM0njR68=
github.com/otrv4/ed448 v0.0.0-20200313043504-efc4accd8117/go.mod h1:DjzKOYp/KeBguDPfGuSe0/h5+P5w6gHBpLlXyttsAjc=
github.com/pmezard/go-difflib v1.0.0 h1:4DBwDE0NGyQoBHbLQYPwSUPoCMWR5BEzIk/f1lZbAQM=
github.com/pmezard/go-difflib v1.0.0/go.mod h1:iKH77koFhYxTK1pcRnkKkqfTogsbg7gZNVY4sRDYZ/4=
github.com/rogpeppe/go-internal v1.3.0 h1:RR9dF3JtopPvtkroDZuVD7qquD0bnHlKSqaQhgwt8yk=
github.com/rogpeppe/go-internal v1.3.0/go.mod h1:M8bDsm7K2OlrFYOpmOWEs/qY81heoFRclV5y23lUDJ4=
github.com/sergi/go-diff v1.0.0/go.mod h1:0CfEIISq7TuYL3j771MWULgwwjU+GofnZX9QAmXWZgo=
github.com/sergi/go-diff v1.1.0 h1:we8PVUC3FE2uYfodKH/nBHMSetSfHDR6scGdBi+erh0=
github.com/sergi/go-diff v1.1.0/go.mod h1:STckp+ISIX8hZLjrqAeVduY0gWCT9IjLuqbuNXdaHfM=
github.com/stretchr/objx v0.1.0 h1:4G4v2dO3VZwixGIRoQ5Lfboy6nUhCyYzaqnIAPPhYs4=
github.com/stretchr/objx v0.1.0/go.mod h1:HFkY916IF+rwdDfMAkV7OtwuqBVzrE8GR6GFx+wExME=
github.com/stretchr/testify v1.2.1/go.mod h1:a8OnRcib4nhh0OaRAV+Yts87kKdq0PP7pXfy6kDkUVs=
github.com/stretchr/testify v1.4.0 h1:2E4SXV/wtOkTonXsotYi4li6zVWxYlZuYNCXe9XRJyk=
github.com/stretchr/testify v1.4.0/go.mod h1:j7eGeouHqKxXV5pUuKE4zz7dFj8WfuZ+81PSLYec5m4=
github.com/stretchr/testify v1.5.1 h1:nOGnQDM7FYENwehXlg/kFVnos3rEvtKTjRvOWSzb6H4=
github.com/stretchr/testify v1.5.1/go.mod h1:5W2xD1RspED5o8YsWQXVCued0rvSQ+mT+I5cxcmMvtA=
github.com/superarius/shamir v0.0.0-20180728155515-87c5b9784915 h1:QdQ6mSaJGB0fuD3EH1WHTqbbOL9/UzCiMCKlfkW5Jrs=
github.com/superarius/shamir v0.0.0-20180728155515-87c5b9784915/go.mod h1:Nr/yNA9ocb/WjHM+i5Dkt4rKHcIC06TV+NpSy7Yudjs=
github.com/vmihailenco/msgpack v4.0.4+incompatible h1:dSLoQfGFAo3F6OoNhwUmLwVgaUXK79GlxNBwueZn0xI=
github.com/vmihailenco/msgpack v4.0.4+incompatible/go.mod h1:fy3FlTQTDXWkZ7Bh6AcGMlsjHatGryHQYUTf1ShIgkk=
golang.org/x/crypto v0.0.0-20190308221718-c2843e01d9a2/go.mod h1:djNgcEr1/C05ACkg1iLfiJU5Ep61QUkGW8qpdssI0+w=
golang.org/x/crypto v0.0.0-20190510104115-cbcb75029529/go.mod h1:yigFU9vqHzYiE8UmvKecakEJjdnWj3jj499lnFckfCI=
golang.org/x/crypto v0.0.0-20190530122614-20be4c3c3ed5/go.mod h1:yigFU9vqHzYiE8UmvKecakEJjdnWj3jj499lnFckfCI=
golang.org/x/crypto v0.0.0-20191011191535-87dc89f01550/go.mod h1:yigFU9vqHzYiE8UmvKecakEJjdnWj3jj499lnFckfCI=
golang.org/x/crypto v0.0.0-20191122220453-ac88ee75c92c/go.mod h1:LzIPMQfyMNhhGPhUkYOs5KpL4U8rLKemX1yGLhDgUto=
golang.org/x/crypto v0.0.0-20200117160349-530e935923ad/go.mod h1:LzIPMQfyMNhhGPhUkYOs5KpL4U8rLKemX1yGLhDgUto=
golang.org/x/crypto v0.0.0-20200317142112-1b76d66859c6 h1:TjszyFsQsyZNHwdVdZ5m7bjmreu0znc2kRYsEml9/Ww=
golang.org/x/crypto v0.0.0-20200317142112-1b76d66859c6/go.mod h1:LzIPMQfyMNhhGPhUkYOs5KpL4U8rLKemX1yGLhDgUto=
golang.org/x/crypto v0.0.0-20200406173513-056763e48d71 h1:DOmugCavvUtnUD114C1Wh+UgTgQZ4pMLzXxi1pSt+/Y=
golang.org/x/crypto v0.0.0-20200406173513-056763e48d71/go.mod h1:LzIPMQfyMNhhGPhUkYOs5KpL4U8rLKemX1yGLhDgUto=
golang.org/x/lint v0.0.0-20191125180803-fdd1cda4f05f h1:J5lckAjkw6qYlOZNj90mLYNTEKDvWeuc1yieZ8qUzUE=
golang.org/x/lint v0.0.0-20191125180803-fdd1cda4f05f/go.mod h1:5qLYkcX4OjUUV8bRuDixDT3tpyyb+LUpUlRWLxfhWrs=
golang.org/x/mod v0.0.0-20190513183733-4bf6d317e70e/go.mod h1:mXi4GBBbnImb6dmsKGUJ2LatrhH/nqhxcFungHvyanc=
golang.org/x/mod v0.1.1-0.20191105210325-c90efee705ee/go.mod h1:QqPTAvyqsEbceGzBzNggFXnrqF1CaUcvgkdR5Ot7KZg=
golang.org/x/mod v0.2.0 h1:KU7oHjnv3XNWfa5COkzUifxZmxp1TyI7ImMXqFxLwvQ=
golang.org/x/mod v0.2.0/go.mod h1:s0Qsj1ACt9ePp/hMypM3fl4fZqREWJwdYDEqhRiZZUA=
golang.org/x/net v0.0.0-20190311183353-d8887717615a/go.mod h1:t9HGtf8HONx5eT2rtn7q6eTqICYqUVnKs3thJo3Qplg=
golang.org/x/net v0.0.0-20190404232315-eb5bcb51f2a3/go.mod h1:t9HGtf8HONx5eT2rtn7q6eTqICYqUVnKs3thJo3Qplg=
golang.org/x/net v0.0.0-20190603091049-60506f45cf65/go.mod h1:HSz+uSET+XFnRR8LxR5pz3Of3rY3CfYBVs4xY44aLks=
golang.org/x/net v0.0.0-20190620200207-3b0461eec859/go.mod h1:z5CRVTTTmAJ677TzLLGU+0bjPO0LkuOLi4/5GtJWs/s=
golang.org/x/net v0.0.0-20200324143707-d3edc9973b7e h1:3G+cUijn7XD+S4eJFddp53Pv7+slrESplyjG25HgL+k=
golang.org/x/net v0.0.0-20200324143707-d3edc9973b7e/go.mod h1:qpuaurCH72eLCgpAm/N6yyVIVM9cpaDIP3A8BGJEC5A=
golang.org/x/sync v0.0.0-20190423024810-112230192c58/go.mod h1:RxMgew5VJxzue5/jJTE5uejpjVlOe/izrB70Jof72aM=
golang.org/x/sync v0.0.0-20190911185100-cd5d95a43a6e h1:vcxGaoTs7kV8m5Np9uUNQin4BrLOthgV7252N8V+FwY=
golang.org/x/sync v0.0.0-20190911185100-cd5d95a43a6e/go.mod h1:RxMgew5VJxzue5/jJTE5uejpjVlOe/izrB70Jof72aM=
golang.org/x/sys v0.0.0-20190215142949-d0b11bdaac8a/go.mod h1:STP8DvDyc/dI5b8T5hshtkjS+E42TnysNCUPdjciGhY=
golang.org/x/sys v0.0.0-20190222072716-a9d3bda3a223/go.mod h1:STP8DvDyc/dI5b8T5hshtkjS+E42TnysNCUPdjciGhY=
golang.org/x/sys v0.0.0-20190412213103-97732733099d/go.mod h1:h1NjWce9XRLGQEsW7wpKNCjG9DtNlClVuFLEZdDNbEs=
golang.org/x/sys v0.0.0-20190530182044-ad28b68e88f1/go.mod h1:h1NjWce9XRLGQEsW7wpKNCjG9DtNlClVuFLEZdDNbEs=
golang.org/x/sys v0.0.0-20190602015325-4c4f7f33c9ed/go.mod h1:h1NjWce9XRLGQEsW7wpKNCjG9DtNlClVuFLEZdDNbEs=
golang.org/x/sys v0.0.0-20191001151750-bb3f8db39f24/go.mod h1:h1NjWce9XRLGQEsW7wpKNCjG9DtNlClVuFLEZdDNbEs=
golang.org/x/sys v0.0.0-20191127021746-63cb32ae39b2/go.mod h1:h1NjWce9XRLGQEsW7wpKNCjG9DtNlClVuFLEZdDNbEs=
golang.org/x/sys v0.0.0-20200117145432-59e60aa80a0c/go.mod h1:h1NjWce9XRLGQEsW7wpKNCjG9DtNlClVuFLEZdDNbEs=
golang.org/x/sys v0.0.0-20200317113312-5766fd39f98d h1:62ap6LNOjDU6uGmKXHJbSfciMoV+FeI1sRXx/pLDL44=
golang.org/x/sys v0.0.0-20200317113312-5766fd39f98d/go.mod h1:h1NjWce9XRLGQEsW7wpKNCjG9DtNlClVuFLEZdDNbEs=
golang.org/x/sys v0.0.0-20200323222414-85ca7c5b95cd h1:xhmwyvizuTgC2qz7ZlMluP20uW+C3Rm0FD/WLDX8884=
golang.org/x/sys v0.0.0-20200323222414-85ca7c5b95cd/go.mod h1:h1NjWce9XRLGQEsW7wpKNCjG9DtNlClVuFLEZdDNbEs=
golang.org/x/text v0.3.0/go.mod h1:NqM8EUOU14njkJ3fqMW+pc6Ldnwhi/IjpwHt7yyuwOQ=
golang.org/x/text v0.3.2 h1:tW2bmiBqwgJj/UpqtC8EpXEZVYOwU0yG4iWbprSVAcs=
golang.org/x/text v0.3.2/go.mod h1:bEr9sfX3Q8Zfm5fL9x+3itogRgK3+ptLWKqgva+5dAk=
golang.org/x/tools v0.0.0-20180917221912-90fa682c2a6e/go.mod h1:n7NCudcB/nEzxVGmLbDWY5pfWTLqBcC2KZ6jyYvM4mQ=
golang.org/x/tools v0.0.0-20190621195816-6e04913cbbac/go.mod h1:/rFqwRUd4F7ZHNgwSSTFct+R/Kf4OFW1sUzUTQQTgfc=
golang.org/x/tools v0.0.0-20191017151554-a3bc800455d5/go.mod h1:b+2E5dAYhXwXZwtnZ6UAqBI28+e2cm9otk0dWdXHAEo=
golang.org/x/tools v0.0.0-20191119224855-298f0cb1881e/go.mod h1:b+2E5dAYhXwXZwtnZ6UAqBI28+e2cm9otk0dWdXHAEo=
golang.org/x/tools v0.0.0-20191125144606-a911d9008d1f/go.mod h1:b+2E5dAYhXwXZwtnZ6UAqBI28+e2cm9otk0dWdXHAEo=
golang.org/x/tools v0.0.0-20200124220429-8fe064f891f2 h1:ZNYGPNJ+tKwnFHzxlFH8bZSIj5uyr3xdUscYDsKQJ1k=
golang.org/x/tools v0.0.0-20200124220429-8fe064f891f2/go.mod h1:TB2adYChydJhpapKDTa4BR/hXlZSLoq2Wpct/0txZ28=
golang.org/x/tools/gopls v0.1.8-0.20200124220429-8fe064f891f2 h1:U178hOjcIogThTGfFU+FN8K40/nt/ztZGXS/G1ieqGs=
golang.org/x/tools/gopls v0.1.8-0.20200124220429-8fe064f891f2/go.mod h1:gl6R36ojRXGBQy36p7BYYZBu495D+W3pYAX3UYwDTpM=
golang.org/x/xerrors v0.0.0-20190717185122-a985d3407aa7/go.mod h1:I/5z698sn9Ka8TeJc9MKroUUfqBBauWjQqLJ2OPfmY0=
golang.org/x/xerrors v0.0.0-20191011141410-1b5146add898/go.mod h1:I/5z698sn9Ka8TeJc9MKroUUfqBBauWjQqLJ2OPfmY0=
golang.org/x/xerrors v0.0.0-20191204190536-9bdfabe68543 h1:E7g+9GITq07hpfrRu66IVDexMakfv52eLZ2CXBWiKr4=
golang.org/x/xerrors v0.0.0-20191204190536-9bdfabe68543/go.mod h1:I/5z698sn9Ka8TeJc9MKroUUfqBBauWjQqLJ2OPfmY0=
google.golang.org/appengine v1.6.5 h1:tycE03LOZYQNhDpS27tcQdAzLCVMaj7QT2SXxebnpCM=
google.golang.org/appengine v1.6.5/go.mod h1:8WjMMxjGQR8xUklV/ARdw2HLXBOI7O7uCIDZVag1xfc=
gopkg.in/check.v1 v0.0.0-20161208181325-20d25e280405/go.mod h1:Co6ibVJAznAaIkqp8huTwlJQCZ016jof/cbN4VW5Yz0=
gopkg.in/check.v1 v1.0.0-20180628173108-788fd7840127/go.mod h1:Co6ibVJAznAaIkqp8huTwlJQCZ016jof/cbN4VW5Yz0=
gopkg.in/check.v1 v1.0.0-20190902080502-41f04d3bba15 h1:YR8cESwS4TdDjEe65xsg0ogRM/Nc3DYOhEAlW+xobZo=
gopkg.in/check.v1 v1.0.0-20190902080502-41f04d3bba15/go.mod h1:Co6ibVJAznAaIkqp8huTwlJQCZ016jof/cbN4VW5Yz0=
gopkg.in/errgo.v2 v2.1.0 h1:0vLT13EuvQ0hNvakwLuFZ/jYrLp5F3kcWHXdRggjCE8=
gopkg.in/errgo.v2 v2.1.0/go.mod h1:hNsd1EY+bozCKY1Ytp96fpM3vjJbqLJn88ws8XvfDNI=
gopkg.in/yaml.v2 v2.2.2/go.mod h1:hI93XBmqTisBFMUTm0b8Fm+jr3Dg1NNxqwp+5A1VGuI=
gopkg.in/yaml.v2 v2.2.4 h1:/eiJrUcujPVeJ3xlSWaiNi3uSVmDGBK1pDHUHAnao1I=
gopkg.in/yaml.v2 v2.2.4/go.mod h1:hI93XBmqTisBFMUTm0b8Fm+jr3Dg1NNxqwp+5A1VGuI=
honnef.co/go/tools v0.0.1-2019.2.3 h1:3JgtbtFHMiCmsznwGVTUWbgGov+pVqnlf1dEJTNAXeM=
honnef.co/go/tools v0.0.1-2019.2.3/go.mod h1:a3bituU0lyd329TUQxRnasdCoJDkEUEAqEt0JzvZhAg=
mvdan.cc/xurls/v2 v2.1.0 h1:KaMb5GLhlcSX+e+qhbRJODnUUBvlw01jt4yrjFIHAuA=
mvdan.cc/xurls/v2 v2.1.0/go.mod h1:5GrSd9rOnKOpZaji1OZLYL/yeAAtGDlo/cFe+8K5n8E=
